
Microsoft Visual Studio Solution File, Format Version 12.00
# Visual Studio 15
VisualStudioVersion = 15.0.26403.0
MinimumVisualStudioVersion = 10.0.40219.1
Project("{F184B08F-C81C-45F6-A57F-5ABD9991F28F}") = "DMCommon", "DMCommon.vbproj", "{FFAF86F5-DEAA-4175-8FC4-4A8CC3915C66}"
EndProject
Global
	GlobalSection(SolutionConfigurationPlatforms) = preSolution
		Debug|Any CPU = Debug|Any CPU
		Debug|x64 = Debug|x64
		Release|Any CPU = Release|Any CPU
		Release|x64 = Release|x64
		Release64|Any CPU = Release64|Any CPU
		Release64|x64 = Release64|x64
	EndGlobalSection
	GlobalSection(ProjectConfigurationPlatforms) = postSolution
		{FFAF86F5-DEAA-4175-8FC4-4A8CC3915C66}.Debug|Any CPU.ActiveCfg = Debug|Any CPU
		{FFAF86F5-DEAA-4175-8FC4-4A8CC3915C66}.Debug|Any CPU.Build.0 = Debug|Any CPU
		{FFAF86F5-DEAA-4175-8FC4-4A8CC3915C66}.Debug|x64.ActiveCfg = Debug|x64
		{FFAF86F5-DEAA-4175-8FC4-4A8CC3915C66}.Debug|x64.Build.0 = Debug|x64
		{FFAF86F5-DEAA-4175-8FC4-4A8CC3915C66}.Release|Any CPU.ActiveCfg = Release|Any CPU
		{FFAF86F5-DEAA-4175-8FC4-4A8CC3915C66}.Release|Any CPU.Build.0 = Release|Any CPU
		{FFAF86F5-DEAA-4175-8FC4-4A8CC3915C66}.Release|x64.ActiveCfg = Release|x64
		{FFAF86F5-DEAA-4175-8FC4-4A8CC3915C66}.Release|x64.Build.0 = Release|x64
		{FFAF86F5-DEAA-4175-8FC4-4A8CC3915C66}.Release64|Any CPU.ActiveCfg = Release64|Any CPU
		{FFAF86F5-DEAA-4175-8FC4-4A8CC3915C66}.Release64|Any CPU.Build.0 = Release64|Any CPU
		{FFAF86F5-DEAA-4175-8FC4-4A8CC3915C66}.Release64|x64.ActiveCfg = Release64|x64
		{FFAF86F5-DEAA-4175-8FC4-4A8CC3915C66}.Release64|x64.Build.0 = Release64|x64
	EndGlobalSection
	GlobalSection(SolutionProperties) = preSolution
		HideSolutionNode = FALSE
	EndGlobalSection
EndGlobal
