
Microsoft Visual Studio Solution File, Format Version 9.00
# Visual Studio 2005
Project("{8BC9CEB8-8B4A-11D0-8D11-00A0C91BC942}") = "ArxProject1", "ArxProject1.vcproj", "{9002EF81-64F6-4A0B-A3E6-86F92D122A69}"
	ProjectSection(WebsiteProperties) = preProject
		Debug.AspNetCompiler.Debug = "True"
		Release.AspNetCompiler.Debug = "False"
	EndProjectSection
EndProject
Global
	GlobalSection(SolutionConfigurationPlatforms) = preSolution
		Debug|Win32 = Debug|Win32
		Release|Win32 = Release|Win32
	EndGlobalSection
	GlobalSection(ProjectConfigurationPlatforms) = postSolution
		{9002EF81-64F6-4A0B-A3E6-86F92D122A69}.Debug|Win32.ActiveCfg = Debug|Win32
		{9002EF81-64F6-4A0B-A3E6-86F92D122A69}.Debug|Win32.Build.0 = Debug|Win32
		{9002EF81-64F6-4A0B-A3E6-86F92D122A69}.Release|Win32.ActiveCfg = Release|Win32
		{9002EF81-64F6-4A0B-A3E6-86F92D122A69}.Release|Win32.Build.0 = Release|Win32
	EndGlobalSection
	GlobalSection(SolutionProperties) = preSolution
		HideSolutionNode = FALSE
	EndGlobalSection
EndGlobal
